
Microsoft Visual Studio Solution File, Format Version 12.00
# Visual Studio Version 16
VisualStudioVersion = 16.0.30114.105
MinimumVisualStudioVersion = 10.0.40219.1
Project("{2150E333-8FDC-42A3-9474-1A3956D46DE8}") = "src", "src", "{2FAA7851-72F5-4079-9CBF-D9C5E2F012AD}"
EndProject
Project("{FAE04EC0-301F-11D3-BF4B-00C04F79EFBC}") = "RenderApp.Api", "src\RenderApp.Api\RenderApp.Api.csproj", "{0EAF2C68-9720-4534-AC73-A6B04C3B0FA3}"
EndProject
Project("{FAE04EC0-301F-11D3-BF4B-00C04F79EFBC}") = "RenderApp.Business", "src\RenderApp.Business\RenderApp.Business.csproj", "{E413DFD6-AD8E-486E-9502-E8334DD4B283}"
EndProject
Project("{FAE04EC0-301F-11D3-BF4B-00C04F79EFBC}") = "RenderApp.DataAccess.Redis", "src\RenderApp.DataAccess.Redis\RenderApp.DataAccess.Redis.csproj", "{6C8AAF14-B18D-4685-ADE9-D5663BAB3ADD}"
EndProject
Project("{FAE04EC0-301F-11D3-BF4B-00C04F79EFBC}") = "RenderApp.DataAccess.Postgres", "src\RenderApp.DataAccess.Postgres\RenderApp.DataAccess.Postgres.csproj", "{81992BD8-4F63-4C46-BA14-D2242D3051CF}"
EndProject
Project("{2150E333-8FDC-42A3-9474-1A3956D46DE8}") = "libs", "libs", "{6E5E22FD-6D89-4717-ADFF-E9ACDCF83F5C}"
EndProject
Project("{FAE04EC0-301F-11D3-BF4B-00C04F79EFBC}") = "RenderApp.Grpc", "src\RenderApp.Grpc\RenderApp.Grpc.csproj", "{76C43D3B-F1FF-4231-9124-01075530A4D1}"
EndProject
Project("{FAE04EC0-301F-11D3-BF4B-00C04F79EFBC}") = "RenderApp.GrpcClient", "src\RenderApp.GrpcClient\RenderApp.GrpcClient.csproj", "{FE827FF9-B1A5-4B9B-9B96-E4631D39967D}"
EndProject
Project("{FAE04EC0-301F-11D3-BF4B-00C04F79EFBC}") = "RenderApp.Commons", "src\RenderApp.Commons\RenderApp.Commons.csproj", "{DEBB1CC9-F0A5-4CAD-90E8-F3E342F9065B}"
EndProject
Project("{FAE04EC0-301F-11D3-BF4B-00C04F79EFBC}") = "RenderApp.Domain", "src\RenderApp.Domain\RenderApp.Domain.csproj", "{CC8B644C-BD9B-4497-AFC3-4FF887DB12D7}"
EndProject
Project("{2150E333-8FDC-42A3-9474-1A3956D46DE8}") = "test-api", "test-api", "{B5C00F1A-469B-4D23-BE00-DB4747CEB42C}"
EndProject
Project("{FAE04EC0-301F-11D3-BF4B-00C04F79EFBC}") = "RenderApp.Gate.Api", "test-api\RenderApp.Gate.Api\RenderApp.Gate.Api.csproj", "{02B982DF-A48F-419F-AC94-D81EE5545435}"
EndProject
Global
	GlobalSection(SolutionConfigurationPlatforms) = preSolution
		Debug|Any CPU = Debug|Any CPU
		Release|Any CPU = Release|Any CPU
	EndGlobalSection
	GlobalSection(SolutionProperties) = preSolution
		HideSolutionNode = FALSE
	EndGlobalSection
	GlobalSection(ProjectConfigurationPlatforms) = postSolution
		{0EAF2C68-9720-4534-AC73-A6B04C3B0FA3}.Debug|Any CPU.ActiveCfg = Debug|Any CPU
		{0EAF2C68-9720-4534-AC73-A6B04C3B0FA3}.Debug|Any CPU.Build.0 = Debug|Any CPU
		{0EAF2C68-9720-4534-AC73-A6B04C3B0FA3}.Release|Any CPU.ActiveCfg = Release|Any CPU
		{0EAF2C68-9720-4534-AC73-A6B04C3B0FA3}.Release|Any CPU.Build.0 = Release|Any CPU
		{E413DFD6-AD8E-486E-9502-E8334DD4B283}.Debug|Any CPU.ActiveCfg = Debug|Any CPU
		{E413DFD6-AD8E-486E-9502-E8334DD4B283}.Debug|Any CPU.Build.0 = Debug|Any CPU
		{E413DFD6-AD8E-486E-9502-E8334DD4B283}.Release|Any CPU.ActiveCfg = Release|Any CPU
		{E413DFD6-AD8E-486E-9502-E8334DD4B283}.Release|Any CPU.Build.0 = Release|Any CPU
		{6C8AAF14-B18D-4685-ADE9-D5663BAB3ADD}.Debug|Any CPU.ActiveCfg = Debug|Any CPU
		{6C8AAF14-B18D-4685-ADE9-D5663BAB3ADD}.Debug|Any CPU.Build.0 = Debug|Any CPU
		{6C8AAF14-B18D-4685-ADE9-D5663BAB3ADD}.Release|Any CPU.ActiveCfg = Release|Any CPU
		{6C8AAF14-B18D-4685-ADE9-D5663BAB3ADD}.Release|Any CPU.Build.0 = Release|Any CPU
		{81992BD8-4F63-4C46-BA14-D2242D3051CF}.Debug|Any CPU.ActiveCfg = Debug|Any CPU
		{81992BD8-4F63-4C46-BA14-D2242D3051CF}.Debug|Any CPU.Build.0 = Debug|Any CPU
		{81992BD8-4F63-4C46-BA14-D2242D3051CF}.Release|Any CPU.ActiveCfg = Release|Any CPU
		{81992BD8-4F63-4C46-BA14-D2242D3051CF}.Release|Any CPU.Build.0 = Release|Any CPU
		{76C43D3B-F1FF-4231-9124-01075530A4D1}.Debug|Any CPU.ActiveCfg = Debug|Any CPU
		{76C43D3B-F1FF-4231-9124-01075530A4D1}.Debug|Any CPU.Build.0 = Debug|Any CPU
		{76C43D3B-F1FF-4231-9124-01075530A4D1}.Release|Any CPU.ActiveCfg = Release|Any CPU
		{76C43D3B-F1FF-4231-9124-01075530A4D1}.Release|Any CPU.Build.0 = Release|Any CPU
		{FE827FF9-B1A5-4B9B-9B96-E4631D39967D}.Debug|Any CPU.ActiveCfg = Debug|Any CPU
		{FE827FF9-B1A5-4B9B-9B96-E4631D39967D}.Debug|Any CPU.Build.0 = Debug|Any CPU
		{FE827FF9-B1A5-4B9B-9B96-E4631D39967D}.Release|Any CPU.ActiveCfg = Release|Any CPU
		{FE827FF9-B1A5-4B9B-9B96-E4631D39967D}.Release|Any CPU.Build.0 = Release|Any CPU
		{DEBB1CC9-F0A5-4CAD-90E8-F3E342F9065B}.Debug|Any CPU.ActiveCfg = Debug|Any CPU
		{DEBB1CC9-F0A5-4CAD-90E8-F3E342F9065B}.Debug|Any CPU.Build.0 = Debug|Any CPU
		{DEBB1CC9-F0A5-4CAD-90E8-F3E342F9065B}.Release|Any CPU.ActiveCfg = Release|Any CPU
		{DEBB1CC9-F0A5-4CAD-90E8-F3E342F9065B}.Release|Any CPU.Build.0 = Release|Any CPU
		{CC8B644C-BD9B-4497-AFC3-4FF887DB12D7}.Debug|Any CPU.ActiveCfg = Debug|Any CPU
		{CC8B644C-BD9B-4497-AFC3-4FF887DB12D7}.Debug|Any CPU.Build.0 = Debug|Any CPU
		{CC8B644C-BD9B-4497-AFC3-4FF887DB12D7}.Release|Any CPU.ActiveCfg = Release|Any CPU
		{CC8B644C-BD9B-4497-AFC3-4FF887DB12D7}.Release|Any CPU.Build.0 = Release|Any CPU
		{02B982DF-A48F-419F-AC94-D81EE5545435}.Debug|Any CPU.ActiveCfg = Debug|Any CPU
		{02B982DF-A48F-419F-AC94-D81EE5545435}.Debug|Any CPU.Build.0 = Debug|Any CPU
		{02B982DF-A48F-419F-AC94-D81EE5545435}.Release|Any CPU.ActiveCfg = Release|Any CPU
		{02B982DF-A48F-419F-AC94-D81EE5545435}.Release|Any CPU.Build.0 = Release|Any CPU
	EndGlobalSection
	GlobalSection(NestedProjects) = preSolution
		{0EAF2C68-9720-4534-AC73-A6B04C3B0FA3} = {2FAA7851-72F5-4079-9CBF-D9C5E2F012AD}
		{E413DFD6-AD8E-486E-9502-E8334DD4B283} = {2FAA7851-72F5-4079-9CBF-D9C5E2F012AD}
		{6C8AAF14-B18D-4685-ADE9-D5663BAB3ADD} = {2FAA7851-72F5-4079-9CBF-D9C5E2F012AD}
		{81992BD8-4F63-4C46-BA14-D2242D3051CF} = {2FAA7851-72F5-4079-9CBF-D9C5E2F012AD}
		{6E5E22FD-6D89-4717-ADFF-E9ACDCF83F5C} = {2FAA7851-72F5-4079-9CBF-D9C5E2F012AD}
		{76C43D3B-F1FF-4231-9124-01075530A4D1} = {6E5E22FD-6D89-4717-ADFF-E9ACDCF83F5C}
		{FE827FF9-B1A5-4B9B-9B96-E4631D39967D} = {2FAA7851-72F5-4079-9CBF-D9C5E2F012AD}
		{DEBB1CC9-F0A5-4CAD-90E8-F3E342F9065B} = {2FAA7851-72F5-4079-9CBF-D9C5E2F012AD}
		{CC8B644C-BD9B-4497-AFC3-4FF887DB12D7} = {2FAA7851-72F5-4079-9CBF-D9C5E2F012AD}
		{02B982DF-A48F-419F-AC94-D81EE5545435} = {B5C00F1A-469B-4D23-BE00-DB4747CEB42C}
	EndGlobalSection
EndGlobal
